
Microsoft Visual Studio Solution File, Format Version 12.00
# Visual Studio Version 17
VisualStudioVersion = 17.10.34928.147
MinimumVisualStudioVersion = 10.0.40219.1
Project("{FAE04EC0-301F-11D3-BF4B-00C04F79EFBC}") = "YeniProje", "YeniProje\YeniProje.csproj", "{FE133987-4997-4431-927B-594952E82759}"
EndProject
Global
	GlobalSection(SolutionConfigurationPlatforms) = preSolution
		Debug|Any CPU = Debug|Any CPU
		Release|Any CPU = Release|Any CPU
	EndGlobalSection
	GlobalSection(ProjectConfigurationPlatforms) = postSolution
		{FE133987-4997-4431-927B-594952E82759}.Debug|Any CPU.ActiveCfg = Debug|Any CPU
		{FE133987-4997-4431-927B-594952E82759}.Debug|Any CPU.Build.0 = Debug|Any CPU
		{FE133987-4997-4431-927B-594952E82759}.Release|Any CPU.ActiveCfg = Release|Any CPU
		{FE133987-4997-4431-927B-594952E82759}.Release|Any CPU.Build.0 = Release|Any CPU
	EndGlobalSection
	GlobalSection(SolutionProperties) = preSolution
		HideSolutionNode = FALSE
	EndGlobalSection
	GlobalSection(ExtensibilityGlobals) = postSolution
		SolutionGuid = {6ED20471-3C69-4D98-9EB8-E51C133303DB}
	EndGlobalSection
EndGlobal
